{
  "name": "booba",
  "lockfileVersion": 3,
  "requires": true,
  "packages": {
    "": {
      "dependencies": {
        "ghostty-web": "^0.3.0"
      }
    },
    "node_modules/ghostty-web": {
      "version": "0.3.0",
      "resolved": "https://registry.npmjs.org/ghostty-web/-/ghostty-web-0.3.0.tgz",
      "integrity": "sha512-SAdSHWYF20GMZUB0n8kh1N6Z4ljMnuUqT8iTB2n5FAPswEV10MejEpLlhW/769GL5+BQa1NYwEg9y/XCckV5+A==",
      "license": "MIT"
    }
  }
}
